// !$*UTF8*$!
{
	archiveVersion = 1;
	classes = {
	};
	objectVersion = 46;
	objects = {

/* Begin PBXBuildFile section */
		40901C721E6E19A60081D9DC /* AppDelegate.swift in Sources */ = {isa = PBXBuildFile; fileRef = 40901C711E6E19A60081D9DC /* AppDelegate.swift */; };
		40901C741E6E19A60081D9DC /* ViewController.swift in Sources */ = {isa = PBXBuildFile; fileRef = 40901C731E6E19A60081D9DC /* ViewController.swift */; };
		40901C771E6E19A60081D9DC /* Main.storyboard in Resources */ = {isa = PBXBuildFile; fileRef = 40901C751E6E19A60081D9DC /* Main.storyboard */; };
		40901C791E6E19A60081D9DC /* Assets.xcassets in Resources */ = {isa = PBXBuildFile; fileRef = 40901C781E6E19A60081D9DC /* Assets.xcassets */; };
		40901C7C1E6E19A60081D9DC /* LaunchScreen.storyboard in Resources */ = {isa = PBXBuildFile; fileRef = 40901C7A1E6E19A60081D9DC /* LaunchScreen.storyboard */; };
		40901C871E6E19A60081D9DC /* Testing_RepoTests.swift in Sources */ = {isa = PBXBuildFile; fileRef = 40901C861E6E19A60081D9DC /* Testing_RepoTests.swift */; };
		40901C921E6E19A60081D9DC /* Testing_RepoUITests.swift in Sources */ = {isa = PBXBuildFile; fileRef = 40901C911E6E19A60081D9DC /* Testing_RepoUITests.swift */; };
/* End PBXBuildFile section */

/* Begin PBXContainerItemProxy section */
		40901C831E6E19A60081D9DC /* PBXContainerItemProxy */ = {
			isa = PBXContainerItemProxy;
			containerPortal = 40901C661E6E19A50081D9DC /* Project object */;
			proxyType = 1;
			remoteGlobalIDString = 40901C6D1E6E19A60081D9DC;
			remoteInfo = "Testing Repo";
		};
		40901C8E1E6E19A60081D9DC /* PBXContainerItemProxy */ = {
			isa = PBXContainerItemProxy;
			containerPortal = 40901C661E6E19A50081D9DC /* Project object */;
			proxyType = 1;
			remoteGlobalIDString = 40901C6D1E6E19A60081D9DC;
			remoteInfo = "Testing Repo";
		};
/* End PBXContainerItemProxy section */

/* Begin PBXFileReference section */
		40901C6E1E6E19A60081D9DC /* Testing Repo.app */ = {isa = PBXFileReference; explicitFileType = wrapper.application; includeInIndex = 0; path = "Testing Repo.app"; sourceTree = BUILT_PRODUCTS_DIR; };
		40901C711E6E19A60081D9DC /* AppDelegate.swift */ = {isa = PBXFileReference; lastKnownFileType = sourcecode.swift; path = AppDelegate.swift; sourceTree = "<group>"; };
		40901C731E6E19A60081D9DC /* ViewController.swift */ = {isa = PBXFileReference; lastKnownFileType = sourcecode.swift; path = ViewController.swift; sourceTree = "<group>"; };
		40901C761E6E19A60081D9DC /* Base */ = {isa = PBXFileReference; lastKnownFileType = file.storyboard; name = Base; path = Base.lproj/Main.storyboard; sourceTree = "<group>"; };
		40901C781E6E19A60081D9DC /* Assets.xcassets */ = {isa = PBXFileReference; lastKnownFileType = folder.assetcatalog; path = Assets.xcassets; sourceTree = "<group>"; };
		40901C7B1E6E19A60081D9DC /* Base */ = {isa = PBXFileReference; lastKnownFileType = file.storyboard; name = Base; path = Base.lproj/LaunchScreen.storyboard; sourceTree = "<group>"; };
		40901C7D1E6E19A60081D9DC /* Info.plist */ = {isa = PBXFileReference; lastKnownFileType = text.plist.xml; path = Info.plist; sourceTree = "<group>"; };
		40901C821E6E19A60081D9DC /* Testing RepoTests.xctest */ = {isa = PBXFileReference; explicitFileType = wrapper.cfbundle; includeInIndex = 0; path = "Testing RepoTests.xctest"; sourceTree = BUILT_PRODUCTS_DIR; };
		40901C861E6E19A60081D9DC /* Testing_RepoTests.swift */ = {isa = PBXFileReference; lastKnownFileType = sourcecode.swift; path = Testing_RepoTests.swift; sourceTree = "<group>"; };
		40901C881E6E19A60081D9DC /* Info.plist */ = {isa = PBXFileReference; lastKnownFileType = text.plist.xml; path = Info.plist; sourceTree = "<group>"; };
		40901C8D1E6E19A60081D9DC /* Testing RepoUITests.xctest */ = {isa = PBXFileReference; explicitFileType = wrapper.cfbundle; includeInIndex = 0; path = "Testing RepoUITests.xctest"; sourceTree = BUILT_PRODUCTS_DIR; };
		40901C911E6E19A60081D9DC /* Testing_RepoUITests.swift */ = {isa = PBXFileReference; lastKnownFileType = sourcecode.swift; path = Testing_RepoUITests.swift; sourceTree = "<group>"; };
		40901C931E6E19A60081D9DC /* Info.plist */ = {isa = PBXFileReference; lastKnownFileType = text.plist.xml; path = Info.plist; sourceTree = "<group>"; };
/* End PBXFileReference section */

/* Begin PBXFrameworksBuildPhase section */
		40901C6B1E6E19A60081D9DC /* Frameworks */ = {
			isa = PBXFrameworksBuildPhase;
			buildActionMask = 2147483647;
			files = (
			);
			runOnlyForDeploymentPostprocessing = 0;
		};
		40901C7F1E6E19A60081D9DC /* Frameworks */ = {
			isa = PBXFrameworksBuildPhase;
			buildActionMask = 2147483647;
			files = (
			);
			runOnlyForDeploymentPostprocessing = 0;
		};
		40901C8A1E6E19A60081D9DC /* Frameworks */ = {
			isa = PBXFrameworksBuildPhase;
			buildActionMask = 2147483647;
			files = (
			);
			runOnlyForDeploymentPostprocessing = 0;
		};
/* End PBXFrameworksBuildPhase section */

/* Begin PBXGroup section */
		40901C651E6E19A50081D9DC = {
			isa = PBXGroup;
			children = (
				40901C701E6E19A60081D9DC /* Testing Repo */,
				40901C851E6E19A60081D9DC /* Testing RepoTests */,
				40901C901E6E19A60081D9DC /* Testing RepoUITests */,
				40901C6F1E6E19A60081D9DC /* Products */,
			);
			sourceTree = "<group>";
		};
		40901C6F1E6E19A60081D9DC /* Products */ = {
			isa = PBXGroup;
			children = (
				40901C6E1E6E19A60081D9DC /* Testing Repo.app */,
				40901C821E6E19A60081D9DC /* Testing RepoTests.xctest */,
				40901C8D1E6E19A60081D9DC /* Testing RepoUITests.xctest */,
			);
			name = Products;
			sourceTree = "<group>";
		};
		40901C701E6E19A60081D9DC /* Testing Repo */ = {
			isa = PBXGroup;
			children = (
				40901C711E6E19A60081D9DC /* AppDelegate.swift */,
				40901C731E6E19A60081D9DC /* ViewController.swift */,
				40901C751E6E19A60081D9DC /* Main.storyboard */,
				40901C781E6E19A60081D9DC /* Assets.xcassets */,
				40901C7A1E6E19A60081D9DC /* LaunchScreen.storyboard */,
				40901C7D1E6E19A60081D9DC /* Info.plist */,
			);
			path = "Testing Repo";
			sourceTree = "<group>";
		};
		40901C851E6E19A60081D9DC /* Testing RepoTests */ = {
			isa = PBXGroup;
			children = (
				40901C861E6E19A60081D9DC /* Testing_RepoTests.swift */,
				40901C881E6E19A60081D9DC /* Info.plist */,
			);
			path = "Testing RepoTests";
			sourceTree = "<group>";
		};
		40901C901E6E19A60081D9DC /* Testing RepoUITests */ = {
			isa = PBXGroup;
			children = (
				40901C911E6E19A60081D9DC /* Testing_RepoUITests.swift */,
				40901C931E6E19A60081D9DC /* Info.plist */,
			);
			path = "Testing RepoUITests";
			sourceTree = "<group>";
		};
/* End PBXGroup section */

/* Begin PBXNativeTarget section */
		40901C6D1E6E19A60081D9DC /* Testing Repo */ = {
			isa = PBXNativeTarget;
			buildConfigurationList = 40901C961E6E19A60081D9DC /* Build configuration list for PBXNativeTarget "Testing Repo" */;
			buildPhases = (
				40901C6A1E6E19A60081D9DC /* Sources */,
				40901C6B1E6E19A60081D9DC /* Frameworks */,
				40901C6C1E6E19A60081D9DC /* Resources */,
			);
			buildRules = (
			);
			dependencies = (
			);
			name = "Testing Repo";
			productName = "Testing Repo";
			productReference = 40901C6E1E6E19A60081D9DC /* Testing Repo.app */;
			productType = "com.apple.product-type.application";
		};
		40901C811E6E19A60081D9DC /* Testing RepoTests */ = {
			isa = PBXNativeTarget;
			buildConfigurationList = 40901C991E6E19A60081D9DC /* Build configuration list for PBXNativeTarget "Testing RepoTests" */;
			buildPhases = (
				40901C7E1E6E19A60081D9DC /* Sources */,
				40901C7F1E6E19A60081D9DC /* Frameworks */,
				40901C801E6E19A60081D9DC /* Resources */,
			);
			buildRules = (
			);
			dependencies = (
				40901C841E6E19A60081D9DC /* PBXTargetDependency */,
			);
			name = "Testing RepoTests";
			productName = "Testing RepoTests";
			productReference = 40901C821E6E19A60081D9DC /* Testing RepoTests.xctest */;
			productType = "com.apple.product-type.bundle.unit-test";
		};
		40901C8C1E6E19A60081D9DC /* Testing RepoUITests */ = {
			isa = PBXNativeTarget;
			buildConfigurationList = 40901C9C1E6E19A60081D9DC /* Build configuration list for PBXNativeTarget "Testing RepoUITests" */;
			buildPhases = (
				40901C891E6E19A60081D9DC /* Sources */,
				40901C8A1E6E19A60081D9DC /* Frameworks */,
				40901C8B1E6E19A60081D9DC /* Resources */,
			);
			buildRules = (
			);
			dependencies = (
				40901C8F1E6E19A60081D9DC /* PBXTargetDependency */,
			);
			name = "Testing RepoUITests";
			productName = "Testing RepoUITests";
			productReference = 40901C8D1E6E19A60081D9DC /* Testing RepoUITests.xctest */;
			productType = "com.apple.product-type.bundle.ui-testing";
		};
/* End PBXNativeTarget section */

/* Begin PBXProject section */
		40901C661E6E19A50081D9DC /* Project object */ = {
			isa = PBXProject;
			attributes = {
				LastSwiftUpdateCheck = 0820;
				LastUpgradeCheck = 0820;
				ORGANIZATIONNAME = "Martin Adcock";
				TargetAttributes = {
					40901C6D1E6E19A60081D9DC = {
						CreatedOnToolsVersion = 8.2.1;
						DevelopmentTeam = Y63GNZY332;
						ProvisioningStyle = Automatic;
					};
					40901C811E6E19A60081D9DC = {
						CreatedOnToolsVersion = 8.2.1;
						DevelopmentTeam = Y63GNZY332;
						ProvisioningStyle = Automatic;
						TestTargetID = 40901C6D1E6E19A60081D9DC;
					};
					40901C8C1E6E19A60081D9DC = {
						CreatedOnToolsVersion = 8.2.1;
						DevelopmentTeam = Y63GNZY332;
						ProvisioningStyle = Automatic;
						TestTargetID = 40901C6D1E6E19A60081D9DC;
					};
				};
			};
			buildConfigurationList = 40901C691E6E19A60081D9DC /* Build configuration list for PBXProject "Testing Repo" */;
			compatibilityVersion = "Xcode 3.2";
			developmentRegion = English;
			hasScannedForEncodings = 0;
			knownRegions = (
				en,
				Base,
			);
			mainGroup = 40901C651E6E19A50081D9DC;
			productRefGroup = 40901C6F1E6E19A60081D9DC /* Products */;
			projectDirPath = "";
			projectRoot = "";
			targets = (
				40901C6D1E6E19A60081D9DC /* Testing Repo */,
				40901C811E6E19A60081D9DC /* Testing RepoTests */,
				40901C8C1E6E19A60081D9DC /* Testing RepoUITests */,
			);
		};
/* End PBXProject section */

/* Begin PBXResourcesBuildPhase section */
		40901C6C1E6E19A60081D9DC /* Resources */ = {
			isa = PBXResourcesBuildPhase;
			buildActionMask = 2147483647;
			files = (
				40901C7C1E6E19A60081D9DC /* LaunchScreen.storyboard in Resources */,
				40901C791E6E19A60081D9DC /* Assets.xcassets in Resources */,
				40901C771E6E19A60081D9DC /* Main.storyboard in Resources */,
			);
			runOnlyForDeploymentPostprocessing = 0;
		};
		40901C801E6E19A60081D9DC /* Resources */ = {
			isa = PBXResourcesBuildPhase;
			buildActionMask = 2147483647;
			files = (
			);
			runOnlyForDeploymentPostprocessing = 0;
		};
		40901C8B1E6E19A60081D9DC /* Resources */ = {
			isa = PBXResourcesBuildPhase;
			buildActionMask = 2147483647;
			files = (
			);
			runOnlyForDeploymentPostprocessing = 0;
		};
/* End PBXResourcesBuildPhase section */

/* Begin PBXSourcesBuildPhase section */
		40901C6A1E6E19A60081D9DC /* Sources */ = {
			isa = PBXSourcesBuildPhase;
			buildActionMask = 2147483647;
			files = (
				40901C741E6E19A60081D9DC /* ViewController.swift in Sources */,
				40901C721E6E19A60081D9DC /* AppDelegate.swift in Sources */,
			);
			runOnlyForDeploymentPostprocessing = 0;
		};
		40901C7E1E6E19A60081D9DC /* Sources */ = {
			isa = PBXSourcesBuildPhase;
			buildActionMask = 2147483647;
			files = (
				40901C871E6E19A60081D9DC /* Testing_RepoTests.swift in Sources */,
			);
			runOnlyForDeploymentPostprocessing = 0;
		};
		40901C891E6E19A60081D9DC /* Sources */ = {
			isa = PBXSourcesBuildPhase;
			buildActionMask = 2147483647;
			files = (
				40901C921E6E19A60081D9DC /* Testing_RepoUITests.swift in Sources */,
			);
			runOnlyForDeploymentPostprocessing = 0;
		};
/* End PBXSourcesBuildPhase section */

/* Begin PBXTargetDependency section */
		40901C841E6E19A60081D9DC /* PBXTargetDependency */ = {
			isa = PBXTargetDependency;
			target = 40901C6D1E6E19A60081D9DC /* Testing Repo */;
			targetProxy = 40901C831E6E19A60081D9DC /* PBXContainerItemProxy */;
		};
		40901C8F1E6E19A60081D9DC /* PBXTargetDependency */ = {
			isa = PBXTargetDependency;
			target = 40901C6D1E6E19A60081D9DC /* Testing Repo */;
			targetProxy = 40901C8E1E6E19A60081D9DC /* PBXContainerItemProxy */;
		};
/* End PBXTargetDependency section */

/* Begin PBXVariantGroup section */
		40901C751E6E19A60081D9DC /* Main.storyboard */ = {
			isa = PBXVariantGroup;
			children = (
				40901C761E6E19A60081D9DC /* Base */,
			);
			name = Main.storyboard;
			sourceTree = "<group>";
		};
		40901C7A1E6E19A60081D9DC /* LaunchScreen.storyboard */ = {
			isa = PBXVariantGroup;
			children = (
				40901C7B1E6E19A60081D9DC /* Base */,
			);
			name = LaunchScreen.storyboard;
			sourceTree = "<group>";
		};
/* End PBXVariantGroup section */

/* Begin XCBuildConfiguration section */
		40901C941E6E19A60081D9DC /* Debug */ = {
			isa = XCBuildConfiguration;
			buildSettings = {
				ALWAYS_SEARCH_USER_PATHS = NO;
				CLANG_ANALYZER_NONNULL = YES;
				CLANG_CXX_LANGUAGE_STANDARD = "gnu++0x";
				CLANG_CXX_LIBRARY = "libc++";
				CLANG_ENABLE_MODULES = YES;
				CLANG_ENABLE_OBJC_ARC = YES;
				CLANG_WARN_BOOL_CONVERSION = YES;
				CLANG_WARN_CONSTANT_CONVERSION = YES;
				CLANG_WARN_DIRECT_OBJC_ISA_USAGE = YES_ERROR;
				CLANG_WARN_DOCUMENTATION_COMMENTS = YES;
				CLANG_WARN_EMPTY_BODY = YES;
				CLANG_WARN_ENUM_CONVERSION = YES;
				CLANG_WARN_INFINITE_RECURSION = YES;
				CLANG_WARN_INT_CONVERSION = YES;
				CLANG_WARN_OBJC_ROOT_CLASS = YES_ERROR;
				CLANG_WARN_SUSPICIOUS_MOVE = YES;
				CLANG_WARN_UNREACHABLE_CODE = YES;
				CLANG_WARN__DUPLICATE_METHOD_MATCH = YES;
				"CODE_SIGN_IDENTITY[sdk=iphoneos*]" = "iPhone Developer";
				COPY_PHASE_STRIP = NO;
				DEBUG_INFORMATION_FORMAT = dwarf;
				ENABLE_STRICT_OBJC_MSGSEND = YES;
				ENABLE_TESTABILITY = YES;
				GCC_C_LANGUAGE_STANDARD = gnu99;
				GCC_DYNAMIC_NO_PIC = NO;
				GCC_NO_COMMON_BLOCKS = YES;
				GCC_OPTIMIZATION_LEVEL = 0;
				GCC_PREPROCESSOR_DEFINITIONS = (
					"DEBUG=1",
					"$(inherited)",
				);
				GCC_WARN_64_TO_32_BIT_CONVERSION = YES;
				GCC_WARN_ABOUT_RETURN_TYPE = YES_ERROR;
				GCC_WARN_UNDECLARED_SELECTOR = YES;
				GCC_WARN_UNINITIALIZED_AUTOS = YES_AGGRESSIVE;
				GCC_WARN_UNUSED_FUNCTION = YES;
				GCC_WARN_UNUSED_VARIABLE = YES;
				IPHONEOS_DEPLOYMENT_TARGET = 10.2;
				MTL_ENABLE_DEBUG_INFO = YES;
				ONLY_ACTIVE_ARCH = YES;
				SDKROOT = iphoneos;
				SWIFT_ACTIVE_COMPILATION_CONDITIONS = DEBUG;
				SWIFT_OPTIMIZATION_LEVEL = "-Onone";
				TARGETED_DEVICE_FAMILY = "1,2";
			};
			name = Debug;
		};
		40901C951E6E19A60081D9DC /* Release */ = {
			isa = XCBuildConfiguration;
			buildSettings = {
				ALWAYS_SEARCH_USER_PATHS = NO;
				CLANG_ANALYZER_NONNULL = YES;
				CLANG_CXX_LANGUAGE_STANDARD = "gnu++0x";
				CLANG_CXX_LIBRARY = "libc++";
				CLANG_ENABLE_MODULES = YES;
				CLANG_ENABLE_OBJC_ARC = YES;
				CLANG_WARN_BOOL_CONVERSION = YES;
				CLANG_WARN_CONSTANT_CONVERSION = YES;
				CLANG_WARN_DIRECT_OBJC_ISA_USAGE = YES_ERROR;
				CLANG_WARN_DOCUMENTATION_COMMENTS = YES;
				CLANG_WARN_EMPTY_BODY = YES;
				CLANG_WARN_ENUM_CONVERSION = YES;
				CLANG_WARN_INFINITE_RECURSION = YES;
				CLANG_WARN_INT_CONVERSION = YES;
				CLANG_WARN_OBJC_ROOT_CLASS = YES_ERROR;
				CLANG_WARN_SUSPICIOUS_MOVE = YES;
				CLANG_WARN_UNREACHABLE_CODE = YES;
				CLANG_WARN__DUPLICATE_METHOD_MATCH = YES;
				"CODE_SIGN_IDENTITY[sdk=iphoneos*]" = "iPhone Developer";
				COPY_PHASE_STRIP = NO;
				DEBUG_INFORMATION_FORMAT = "dwarf-with-dsym";
				ENABLE_NS_ASSERTIONS = NO;
				ENABLE_STRICT_OBJC_MSGSEND = YES;
				GCC_C_LANGUAGE_STANDARD = gnu99;
				GCC_NO_COMMON_BLOCKS = YES;
				GCC_WARN_64_TO_32_BIT_CONVERSION = YES;
				GCC_WARN_ABOUT_RETURN_TYPE = YES_ERROR;
				GCC_WARN_UNDECLARED_SELECTOR = YES;
				GCC_WARN_UNINITIALIZED_AUTOS = YES_AGGRESSIVE;
				GCC_WARN_UNUSED_FUNCTION = YES;
				GCC_WARN_UNUSED_VARIABLE = YES;
				IPHONEOS_DEPLOYMENT_TARGET = 10.2;
				MTL_ENABLE_DEBUG_INFO = NO;
				SDKROOT = iphoneos;
				SWIFT_OPTIMIZATION_LEVEL = "-Owholemodule";
				TARGETED_DEVICE_FAMILY = "1,2";
				VALIDATE_PRODUCT = YES;
			};
			name = Release;
		};
		40901C971E6E19A60081D9DC /* Debug */ = {
			isa = XCBuildConfiguration;
			buildSettings = {
				ASSETCATALOG_COMPILER_APPICON_NAME = AppIcon;
				DEVELOPMENT_TEAM = Y63GNZY332;
				INFOPLIST_FILE = "Testing Repo/Info.plist";
				LD_RUNPATH_SEARCH_PATHS = "$(inherited) @executable_path/Frameworks";
				PRODUCT_BUNDLE_IDENTIFIER = "comMarty.Testing-Repo";
				PRODUCT_NAME = "$(TARGET_NAME)";
				SWIFT_VERSION = 3.0;
			};
			name = Debug;
		};
		40901C981E6E19A60081D9DC /* Release */ = {
			isa = XCBuildConfiguration;
			buildSettings = {
				ASSETCATALOG_COMPILER_APPICON_NAME = AppIcon;
				DEVELOPMENT_TEAM = Y63GNZY332;
				INFOPLIST_FILE = "Testing Repo/Info.plist";
				LD_RUNPATH_SEARCH_PATHS = "$(inherited) @executable_path/Frameworks";
				PRODUCT_BUNDLE_IDENTIFIER = "comMarty.Testing-Repo";
				PRODUCT_NAME = "$(TARGET_NAME)";
				SWIFT_VERSION = 3.0;
			};
			name = Release;
		};
		40901C9A1E6E19A60081D9DC /* Debug */ = {
			isa = XCBuildConfiguration;
			buildSettings = {
				ALWAYS_EMBED_SWIFT_STANDARD_LIBRARIES = YES;
				BUNDLE_LOADER = "$(TEST_HOST)";
				DEVELOPMENT_TEAM = Y63GNZY332;
				INFOPLIST_FILE = "Testing RepoTests/Info.plist";
				LD_RUNPATH_SEARCH_PATHS = "$(inherited) @executable_path/Frameworks @loader_path/Frameworks";
				PRODUCT_BUNDLE_IDENTIFIER = "comMarty.Testing-RepoTests";
				PRODUCT_NAME = "$(TARGET_NAME)";
				SWIFT_VERSION = 3.0;
				TEST_HOST = "$(BUILT_PRODUCTS_DIR)/Testing Repo.app/Testing Repo";
			};
			name = Debug;
		};
		40901C9B1E6E19A60081D9DC /* Release */ = {
			isa = XCBuildConfiguration;
			buildSettings = {
				ALWAYS_EMBED_SWIFT_STANDARD_LIBRARIES = YES;
				BUNDLE_LOADER = "$(TEST_HOST)";
				DEVELOPMENT_TEAM = Y63GNZY332;
				INFOPLIST_FILE = "Testing RepoTests/Info.plist";
				LD_RUNPATH_SEARCH_PATHS = "$(inherited) @executable_path/Frameworks @loader_path/Frameworks";
				PRODUCT_BUNDLE_IDENTIFIER = "comMarty.Testing-RepoTests";
				PRODUCT_NAME = "$(TARGET_NAME)";
				SWIFT_VERSION = 3.0;
				TEST_HOST = "$(BUILT_PRODUCTS_DIR)/Testing Repo.app/Testing Repo";
			};
			name = Release;
		};
		40901C9D1E6E19A60081D9DC /* Debug */ = {
			isa = XCBuildConfiguration;
			buildSettings = {
				ALWAYS_EMBED_SWIFT_STANDARD_LIBRARIES = YES;
				DEVELOPMENT_TEAM = Y63GNZY332;
				INFOPLIST_FILE = "Testing RepoUITests/Info.plist";
				LD_RUNPATH_SEARCH_PATHS = "$(inherited) @executable_path/Frameworks @loader_path/Frameworks";
				PRODUCT_BUNDLE_IDENTIFIER = "comMarty.Testing-RepoUITests";
				PRODUCT_NAME = "$(TARGET_NAME)";
				SWIFT_VERSION = 3.0;
				TEST_TARGET_NAME = "Testing Repo";
			};
			name = Debug;
		};
		40901C9E1E6E19A60081D9DC /* Release */ = {
			isa = XCBuildConfiguration;
			buildSettings = {
				ALWAYS_EMBED_SWIFT_STANDARD_LIBRARIES = YES;
				DEVELOPMENT_TEAM = Y63GNZY332;
				INFOPLIST_FILE = "Testing RepoUITests/Info.plist";
				LD_RUNPATH_SEARCH_PATHS = "$(inherited) @executable_path/Frameworks @loader_path/Frameworks";
				PRODUCT_BUNDLE_IDENTIFIER = "comMarty.Testing-RepoUITests";
				PRODUCT_NAME = "$(TARGET_NAME)";
				SWIFT_VERSION = 3.0;
				TEST_TARGET_NAME = "Testing Repo";
			};
			name = Release;
		};
/* End XCBuildConfiguration section */

/* Begin XCConfigurationList section */
		40901C691E6E19A60081D9DC /* Build configuration list for PBXProject "Testing Repo" */ = {
			isa = XCConfigurationList;
			buildConfigurations = (
				40901C941E6E19A60081D9DC /* Debug */,
				40901C951E6E19A60081D9DC /* Release */,
			);
			defaultConfigurationIsVisible = 0;
			defaultConfigurationName = Release;
		};
		40901C961E6E19A60081D9DC /* Build configuration list for PBXNativeTarget "Testing Repo" */ = {
			isa = XCConfigurationList;
			buildConfigurations = (
				40901C971E6E19A60081D9DC /* Debug */,
				40901C981E6E19A60081D9DC /* Release */,
			);
			defaultConfigurationIsVisible = 0;
		};
		40901C991E6E19A60081D9DC /* Build configuration list for PBXNativeTarget "Testing RepoTests" */ = {
			isa = XCConfigurationList;
			buildConfigurations = (
				40901C9A1E6E19A60081D9DC /* Debug */,
				40901C9B1E6E19A60081D9DC /* Release */,
			);
			defaultConfigurationIsVisible = 0;
		};
		40901C9C1E6E19A60081D9DC /* Build configuration list for PBXNativeTarget "Testing RepoUITests" */ = {
			isa = XCConfigurationList;
			buildConfigurations = (
				40901C9D1E6E19A60081D9DC /* Debug */,
				40901C9E1E6E19A60081D9DC /* Release */,
			);
			defaultConfigurationIsVisible = 0;
		};
/* End XCConfigurationList section */
	};
	rootObject = 40901C661E6E19A50081D9DC /* Project object */;
}
